{
  "name": "jstoolchain",
  "version": "1.0.0",
  "lockfileVersion": 3,
  "requires": true,
  "packages": {
    "": {
      "name": "jstoolchain",
      "version": "1.0.0",
      "license": "ISC",
      "devDependencies": {
        "daisyui": "^5.0.38",
        "tailwindcss": "^4.1.7"
      }
    },
    "node_modules/daisyui": {
      "version": "5.0.38",
      "resolved": "https://registry.npmjs.org/daisyui/-/daisyui-5.0.38.tgz",
      "integrity": "sha512-RsLsdePT/4ZU0N+vWivR/zJyAL9U9EeRtbis3K3VDvewrqY0NOFYBh6ib3n9GfN3Wb+FHwP80ae1qOA6ONWvyw==",
      "dev": true,
      "funding": {
        "url": "https://github.com/saadeghi/daisyui?sponsor=1"
      }
    },
    "node_modules/tailwindcss": {
      "version": "4.1.7",
      "resolved": "https://registry.npmjs.org/tailwindcss/-/tailwindcss-4.1.7.tgz",
      "integrity": "sha512-kr1o/ErIdNhTz8uzAYL7TpaUuzKIE6QPQ4qmSdxnoX/lo+5wmUHQA6h3L5yIqEImSRnAAURDirLu/BgiXGPAhg==",
      "dev": true
    }
  }
}
